// !$*UTF8*$!
{
	archiveVersion = 1;
	classes = {
	};
	objectVersion = 46;
	objects = {

/* Begin PBXBuildFile section */
		0365BF901E65E9440039F7CE /* Assets.xcassets in Resources */ = {isa = PBXBuildFile; fileRef = 0365BF881E65E9440039F7CE /* Assets.xcassets */; };
		0365BF911E65E9440039F7CE /* LaunchScreen.storyboard in Resources */ = {isa = PBXBuildFile; fileRef = 0365BF891E65E9440039F7CE /* LaunchScreen.storyboard */; };
		0365BF921E65E9440039F7CE /* AppDelegate.swift in Sources */ = {isa = PBXBuildFile; fileRef = 0365BF8C1E65E9440039F7CE /* AppDelegate.swift */; };
		0366669B1E65EB6800508EFD /* ViewController.swift in Sources */ = {isa = PBXBuildFile; fileRef = 036666991E65EB6800508EFD /* ViewController.swift */; };
		F61ED895DAB83521475EF0E4 /* Pods_Cleverbot.framework in Frameworks */ = {isa = PBXBuildFile; fileRef = 50860FFD13D0A9F789E359A0 /* Pods_Cleverbot.framework */; };
/* End PBXBuildFile section */

/* Begin PBXFileReference section */
		0365BF721E65E90A0039F7CE /* Cleverbot.app */ = {isa = PBXFileReference; explicitFileType = wrapper.application; includeInIndex = 0; path = Cleverbot.app; sourceTree = BUILT_PRODUCTS_DIR; };
		0365BF881E65E9440039F7CE /* Assets.xcassets */ = {isa = PBXFileReference; lastKnownFileType = folder.assetcatalog; path = Assets.xcassets; sourceTree = "<group>"; };
		0365BF8A1E65E9440039F7CE /* Base */ = {isa = PBXFileReference; lastKnownFileType = file.storyboard; name = Base; path = Base.lproj/LaunchScreen.storyboard; sourceTree = "<group>"; };
		0365BF8C1E65E9440039F7CE /* AppDelegate.swift */ = {isa = PBXFileReference; fileEncoding = 4; lastKnownFileType = sourcecode.swift; path = AppDelegate.swift; sourceTree = "<group>"; };
		0365BF8F1E65E9440039F7CE /* Info.plist */ = {isa = PBXFileReference; fileEncoding = 4; lastKnownFileType = text.plist.xml; path = Info.plist; sourceTree = "<group>"; };
		036666991E65EB6800508EFD /* ViewController.swift */ = {isa = PBXFileReference; fileEncoding = 4; lastKnownFileType = sourcecode.swift; path = ViewController.swift; sourceTree = "<group>"; };
		50860FFD13D0A9F789E359A0 /* Pods_Cleverbot.framework */ = {isa = PBXFileReference; explicitFileType = wrapper.framework; includeInIndex = 0; path = Pods_Cleverbot.framework; sourceTree = BUILT_PRODUCTS_DIR; };
		9C539215C39E6C4FB41683F9 /* Pods-Cleverbot.release.xcconfig */ = {isa = PBXFileReference; includeInIndex = 1; lastKnownFileType = text.xcconfig; name = "Pods-Cleverbot.release.xcconfig"; path = "Pods/Target Support Files/Pods-Cleverbot/Pods-Cleverbot.release.xcconfig"; sourceTree = "<group>"; };
		EBEADB1197DD1ACCE235178A /* Pods-Cleverbot.debug.xcconfig */ = {isa = PBXFileReference; includeInIndex = 1; lastKnownFileType = text.xcconfig; name = "Pods-Cleverbot.debug.xcconfig"; path = "Pods/Target Support Files/Pods-Cleverbot/Pods-Cleverbot.debug.xcconfig"; sourceTree = "<group>"; };
/* End PBXFileReference section */

/* Begin PBXFrameworksBuildPhase section */
		0365BF6F1E65E90A0039F7CE /* Frameworks */ = {
			isa = PBXFrameworksBuildPhase;
			buildActionMask = 2147483647;
			files = (
				F61ED895DAB83521475EF0E4 /* Pods_Cleverbot.framework in Frameworks */,
			);
			runOnlyForDeploymentPostprocessing = 0;
		};
/* End PBXFrameworksBuildPhase section */

/* Begin PBXGroup section */
		0365BF691E65E90A0039F7CE = {
			isa = PBXGroup;
			children = (
				0365BF741E65E90A0039F7CE /* Cleverbot */,
				0365BF731E65E90A0039F7CE /* Products */,
				70C369DDA916705308645C3C /* Pods */,
				86FF3FE7AD180810202E0EC4 /* Frameworks */,
			);
			sourceTree = "<group>";
		};
		0365BF731E65E90A0039F7CE /* Products */ = {
			isa = PBXGroup;
			children = (
				0365BF721E65E90A0039F7CE /* Cleverbot.app */,
			);
			name = Products;
			sourceTree = "<group>";
		};
		0365BF741E65E90A0039F7CE /* Cleverbot */ = {
			isa = PBXGroup;
			children = (
				0365BF8B1E65E9440039F7CE /* Sources */,
				0365BF871E65E9440039F7CE /* Resources */,
				0365BF8E1E65E9440039F7CE /* Supporting Files */,
			);
			path = Cleverbot;
			sourceTree = "<group>";
		};
		0365BF871E65E9440039F7CE /* Resources */ = {
			isa = PBXGroup;
			children = (
				0365BF881E65E9440039F7CE /* Assets.xcassets */,
				0365BF891E65E9440039F7CE /* LaunchScreen.storyboard */,
			);
			path = Resources;
			sourceTree = "<group>";
		};
		0365BF8B1E65E9440039F7CE /* Sources */ = {
			isa = PBXGroup;
			children = (
				0365BF8C1E65E9440039F7CE /* AppDelegate.swift */,
				036666971E65EB6800508EFD /* Services */,
				036666951E65EB6800508EFD /* Models */,
				036666981E65EB6800508EFD /* ViewControllers */,
				0366669A1E65EB6800508EFD /* Views */,
				036666961E65EB6800508EFD /* Rx */,
				0366669C1E65EB7B00508EFD /* Utils */,
			);
			path = Sources;
			sourceTree = "<group>";
		};
		0365BF8E1E65E9440039F7CE /* Supporting Files */ = {
			isa = PBXGroup;
			children = (
				0365BF8F1E65E9440039F7CE /* Info.plist */,
			);
			path = "Supporting Files";
			sourceTree = "<group>";
		};
		036666951E65EB6800508EFD /* Models */ = {
			isa = PBXGroup;
			children = (
			);
			path = Models;
			sourceTree = "<group>";
		};
		036666961E65EB6800508EFD /* Rx */ = {
			isa = PBXGroup;
			children = (
			);
			path = Rx;
			sourceTree = "<group>";
		};
		036666971E65EB6800508EFD /* Services */ = {
			isa = PBXGroup;
			children = (
			);
			path = Services;
			sourceTree = "<group>";
		};
		036666981E65EB6800508EFD /* ViewControllers */ = {
			isa = PBXGroup;
			children = (
				036666991E65EB6800508EFD /* ViewController.swift */,
			);
			path = ViewControllers;
			sourceTree = "<group>";
		};
		0366669A1E65EB6800508EFD /* Views */ = {
			isa = PBXGroup;
			children = (
			);
			path = Views;
			sourceTree = "<group>";
		};
		0366669C1E65EB7B00508EFD /* Utils */ = {
			isa = PBXGroup;
			children = (
			);
			path = Utils;
			sourceTree = "<group>";
		};
		70C369DDA916705308645C3C /* Pods */ = {
			isa = PBXGroup;
			children = (
				EBEADB1197DD1ACCE235178A /* Pods-Cleverbot.debug.xcconfig */,
				9C539215C39E6C4FB41683F9 /* Pods-Cleverbot.release.xcconfig */,
			);
			name = Pods;
			sourceTree = "<group>";
		};
		86FF3FE7AD180810202E0EC4 /* Frameworks */ = {
			isa = PBXGroup;
			children = (
				50860FFD13D0A9F789E359A0 /* Pods_Cleverbot.framework */,
			);
			name = Frameworks;
			sourceTree = "<group>";
		};
/* End PBXGroup section */

/* Begin PBXNativeTarget section */
		0365BF711E65E90A0039F7CE /* Cleverbot */ = {
			isa = PBXNativeTarget;
			buildConfigurationList = 0365BF841E65E90A0039F7CE /* Build configuration list for PBXNativeTarget "Cleverbot" */;
			buildPhases = (
				74A3B1B457D76F51ACB1AF7C /* [CP] Check Pods Manifest.lock */,
				0365BF6E1E65E90A0039F7CE /* Sources */,
				0365BF6F1E65E90A0039F7CE /* Frameworks */,
				0365BF701E65E90A0039F7CE /* Resources */,
				9BD21E9280D0C1B47C14CC2B /* [CP] Embed Pods Frameworks */,
				D025CCDA2C23C6AC23EB4A23 /* [CP] Copy Pods Resources */,
			);
			buildRules = (
			);
			dependencies = (
			);
			name = Cleverbot;
			productName = Cleverbot;
			productReference = 0365BF721E65E90A0039F7CE /* Cleverbot.app */;
			productType = "com.apple.product-type.application";
		};
/* End PBXNativeTarget section */

/* Begin PBXProject section */
		0365BF6A1E65E90A0039F7CE /* Project object */ = {
			isa = PBXProject;
			attributes = {
				LastSwiftUpdateCheck = 0820;
				LastUpgradeCheck = 0820;
				ORGANIZATIONNAME = "Suyeol Jeon";
				TargetAttributes = {
					0365BF711E65E90A0039F7CE = {
						CreatedOnToolsVersion = 8.2.1;
						ProvisioningStyle = Automatic;
					};
				};
			};
			buildConfigurationList = 0365BF6D1E65E90A0039F7CE /* Build configuration list for PBXProject "Cleverbot" */;
			compatibilityVersion = "Xcode 3.2";
			developmentRegion = English;
			hasScannedForEncodings = 0;
			knownRegions = (
				en,
				Base,
			);
			mainGroup = 0365BF691E65E90A0039F7CE;
			productRefGroup = 0365BF731E65E90A0039F7CE /* Products */;
			projectDirPath = "";
			projectRoot = "";
			targets = (
				0365BF711E65E90A0039F7CE /* Cleverbot */,
			);
		};
/* End PBXProject section */

/* Begin PBXResourcesBuildPhase section */
		0365BF701E65E90A0039F7CE /* Resources */ = {
			isa = PBXResourcesBuildPhase;
			buildActionMask = 2147483647;
			files = (
				0365BF901E65E9440039F7CE /* Assets.xcassets in Resources */,
				0365BF911E65E9440039F7CE /* LaunchScreen.storyboard in Resources */,
			);
			runOnlyForDeploymentPostprocessing = 0;
		};
/* End PBXResourcesBuildPhase section */

/* Begin PBXShellScriptBuildPhase section */
		74A3B1B457D76F51ACB1AF7C /* [CP] Check Pods Manifest.lock */ = {
			isa = PBXShellScriptBuildPhase;
			buildActionMask = 2147483647;
			files = (
			);
			inputPaths = (
			);
			name = "[CP] Check Pods Manifest.lock";
			outputPaths = (
			);
			runOnlyForDeploymentPostprocessing = 0;
			shellPath = /bin/sh;
			shellScript = "diff \"${PODS_ROOT}/../Podfile.lock\" \"${PODS_ROOT}/Manifest.lock\" > /dev/null\nif [ $? != 0 ] ; then\n    # print error to STDERR\n    echo \"error: The sandbox is not in sync with the Podfile.lock. Run 'pod install' or update your CocoaPods installation.\" >&2\n    exit 1\nfi\n";
			showEnvVarsInLog = 0;
		};
		9BD21E9280D0C1B47C14CC2B /* [CP] Embed Pods Frameworks */ = {
			isa = PBXShellScriptBuildPhase;
			buildActionMask = 2147483647;
			files = (
			);
			inputPaths = (
			);
			name = "[CP] Embed Pods Frameworks";
			outputPaths = (
			);
			runOnlyForDeploymentPostprocessing = 0;
			shellPath = /bin/sh;
			shellScript = "\"${SRCROOT}/Pods/Target Support Files/Pods-Cleverbot/Pods-Cleverbot-frameworks.sh\"\n";
			showEnvVarsInLog = 0;
		};
		D025CCDA2C23C6AC23EB4A23 /* [CP] Copy Pods Resources */ = {
			isa = PBXShellScriptBuildPhase;
			buildActionMask = 2147483647;
			files = (
			);
			inputPaths = (
			);
			name = "[CP] Copy Pods Resources";
			outputPaths = (
			);
			runOnlyForDeploymentPostprocessing = 0;
			shellPath = /bin/sh;
			shellScript = "\"${SRCROOT}/Pods/Target Support Files/Pods-Cleverbot/Pods-Cleverbot-resources.sh\"\n";
			showEnvVarsInLog = 0;
		};
/* End PBXShellScriptBuildPhase section */

/* Begin PBXSourcesBuildPhase section */
		0365BF6E1E65E90A0039F7CE /* Sources */ = {
			isa = PBXSourcesBuildPhase;
			buildActionMask = 2147483647;
			files = (
				0366669B1E65EB6800508EFD /* ViewController.swift in Sources */,
				0365BF921E65E9440039F7CE /* AppDelegate.swift in Sources */,
			);
			runOnlyForDeploymentPostprocessing = 0;
		};
/* End PBXSourcesBuildPhase section */

/* Begin PBXVariantGroup section */
		0365BF891E65E9440039F7CE /* LaunchScreen.storyboard */ = {
			isa = PBXVariantGroup;
			children = (
				0365BF8A1E65E9440039F7CE /* Base */,
			);
			name = LaunchScreen.storyboard;
			sourceTree = "<group>";
		};
/* End PBXVariantGroup section */

/* Begin XCBuildConfiguration section */
		0365BF821E65E90A0039F7CE /* Debug */ = {
			isa = XCBuildConfiguration;
			buildSettings = {
				ALWAYS_SEARCH_USER_PATHS = NO;
				CLANG_ANALYZER_NONNULL = YES;
				CLANG_CXX_LANGUAGE_STANDARD = "gnu++0x";
				CLANG_CXX_LIBRARY = "libc++";
				CLANG_ENABLE_MODULES = YES;
				CLANG_ENABLE_OBJC_ARC = YES;
				CLANG_WARN_BOOL_CONVERSION = YES;
				CLANG_WARN_CONSTANT_CONVERSION = YES;
				CLANG_WARN_DIRECT_OBJC_ISA_USAGE = YES_ERROR;
				CLANG_WARN_DOCUMENTATION_COMMENTS = YES;
				CLANG_WARN_EMPTY_BODY = YES;
				CLANG_WARN_ENUM_CONVERSION = YES;
				CLANG_WARN_INFINITE_RECURSION = YES;
				CLANG_WARN_INT_CONVERSION = YES;
				CLANG_WARN_OBJC_ROOT_CLASS = YES_ERROR;
				CLANG_WARN_SUSPICIOUS_MOVE = YES;
				CLANG_WARN_UNREACHABLE_CODE = YES;
				CLANG_WARN__DUPLICATE_METHOD_MATCH = YES;
				"CODE_SIGN_IDENTITY[sdk=iphoneos*]" = "iPhone Developer";
				COPY_PHASE_STRIP = NO;
				DEBUG_INFORMATION_FORMAT = dwarf;
				ENABLE_STRICT_OBJC_MSGSEND = YES;
				ENABLE_TESTABILITY = YES;
				GCC_C_LANGUAGE_STANDARD = gnu99;
				GCC_DYNAMIC_NO_PIC = NO;
				GCC_NO_COMMON_BLOCKS = YES;
				GCC_OPTIMIZATION_LEVEL = 0;
				GCC_PREPROCESSOR_DEFINITIONS = (
					"DEBUG=1",
					"$(inherited)",
				);
				GCC_WARN_64_TO_32_BIT_CONVERSION = YES;
				GCC_WARN_ABOUT_RETURN_TYPE = YES_ERROR;
				GCC_WARN_UNDECLARED_SELECTOR = YES;
				GCC_WARN_UNINITIALIZED_AUTOS = YES_AGGRESSIVE;
				GCC_WARN_UNUSED_FUNCTION = YES;
				GCC_WARN_UNUSED_VARIABLE = YES;
				IPHONEOS_DEPLOYMENT_TARGET = 9.0;
				MTL_ENABLE_DEBUG_INFO = YES;
				ONLY_ACTIVE_ARCH = YES;
				SDKROOT = iphoneos;
				SWIFT_ACTIVE_COMPILATION_CONDITIONS = DEBUG;
				SWIFT_OPTIMIZATION_LEVEL = "-Onone";
			};
			name = Debug;
		};
		0365BF831E65E90A0039F7CE /* Release */ = {
			isa = XCBuildConfiguration;
			buildSettings = {
				ALWAYS_SEARCH_USER_PATHS = NO;
				CLANG_ANALYZER_NONNULL = YES;
				CLANG_CXX_LANGUAGE_STANDARD = "gnu++0x";
				CLANG_CXX_LIBRARY = "libc++";
				CLANG_ENABLE_MODULES = YES;
				CLANG_ENABLE_OBJC_ARC = YES;
				CLANG_WARN_BOOL_CONVERSION = YES;
				CLANG_WARN_CONSTANT_CONVERSION = YES;
				CLANG_WARN_DIRECT_OBJC_ISA_USAGE = YES_ERROR;
				CLANG_WARN_DOCUMENTATION_COMMENTS = YES;
				CLANG_WARN_EMPTY_BODY = YES;
				CLANG_WARN_ENUM_CONVERSION = YES;
				CLANG_WARN_INFINITE_RECURSION = YES;
				CLANG_WARN_INT_CONVERSION = YES;
				CLANG_WARN_OBJC_ROOT_CLASS = YES_ERROR;
				CLANG_WARN_SUSPICIOUS_MOVE = YES;
				CLANG_WARN_UNREACHABLE_CODE = YES;
				CLANG_WARN__DUPLICATE_METHOD_MATCH = YES;
				"CODE_SIGN_IDENTITY[sdk=iphoneos*]" = "iPhone Developer";
				COPY_PHASE_STRIP = NO;
				DEBUG_INFORMATION_FORMAT = "dwarf-with-dsym";
				ENABLE_NS_ASSERTIONS = NO;
				ENABLE_STRICT_OBJC_MSGSEND = YES;
				GCC_C_LANGUAGE_STANDARD = gnu99;
				GCC_NO_COMMON_BLOCKS = YES;
				GCC_WARN_64_TO_32_BIT_CONVERSION = YES;
				GCC_WARN_ABOUT_RETURN_TYPE = YES_ERROR;
				GCC_WARN_UNDECLARED_SELECTOR = YES;
				GCC_WARN_UNINITIALIZED_AUTOS = YES_AGGRESSIVE;
				GCC_WARN_UNUSED_FUNCTION = YES;
				GCC_WARN_UNUSED_VARIABLE = YES;
				IPHONEOS_DEPLOYMENT_TARGET = 9.0;
				MTL_ENABLE_DEBUG_INFO = NO;
				SDKROOT = iphoneos;
				SWIFT_OPTIMIZATION_LEVEL = "-Owholemodule";
				VALIDATE_PRODUCT = YES;
			};
			name = Release;
		};
		0365BF851E65E90A0039F7CE /* Debug */ = {
			isa = XCBuildConfiguration;
			baseConfigurationReference = EBEADB1197DD1ACCE235178A /* Pods-Cleverbot.debug.xcconfig */;
			buildSettings = {
				ASSETCATALOG_COMPILER_APPICON_NAME = AppIcon;
				INFOPLIST_FILE = "$(SRCROOT)/Cleverbot/Supporting Files/Info.plist";
				LD_RUNPATH_SEARCH_PATHS = "$(inherited) @executable_path/Frameworks";
				PRODUCT_BUNDLE_IDENTIFIER = kr.xoul.Cleverbot;
				PRODUCT_NAME = "$(TARGET_NAME)";
				SWIFT_VERSION = 3.0;
			};
			name = Debug;
		};
		0365BF861E65E90A0039F7CE /* Release */ = {
			isa = XCBuildConfiguration;
			baseConfigurationReference = 9C539215C39E6C4FB41683F9 /* Pods-Cleverbot.release.xcconfig */;
			buildSettings = {
				ASSETCATALOG_COMPILER_APPICON_NAME = AppIcon;
				INFOPLIST_FILE = "$(SRCROOT)/Cleverbot/Supporting Files/Info.plist";
				LD_RUNPATH_SEARCH_PATHS = "$(inherited) @executable_path/Frameworks";
				PRODUCT_BUNDLE_IDENTIFIER = kr.xoul.Cleverbot;
				PRODUCT_NAME = "$(TARGET_NAME)";
				SWIFT_VERSION = 3.0;
			};
			name = Release;
		};
/* End XCBuildConfiguration section */

/* Begin XCConfigurationList section */
		0365BF6D1E65E90A0039F7CE /* Build configuration list for PBXProject "Cleverbot" */ = {
			isa = XCConfigurationList;
			buildConfigurations = (
				0365BF821E65E90A0039F7CE /* Debug */,
				0365BF831E65E90A0039F7CE /* Release */,
			);
			defaultConfigurationIsVisible = 0;
			defaultConfigurationName = Release;
		};
		0365BF841E65E90A0039F7CE /* Build configuration list for PBXNativeTarget "Cleverbot" */ = {
			isa = XCConfigurationList;
			buildConfigurations = (
				0365BF851E65E90A0039F7CE /* Debug */,
				0365BF861E65E90A0039F7CE /* Release */,
			);
			defaultConfigurationIsVisible = 0;
			defaultConfigurationName = Release;
		};
/* End XCConfigurationList section */
	};
	rootObject = 0365BF6A1E65E90A0039F7CE /* Project object */;
}
